
Microsoft Visual Studio Solution File, Format Version 12.00
# Visual Studio Version 16
VisualStudioVersion = 16.0.31702.278
MinimumVisualStudioVersion = 10.0.40219.1
Project("{FAE04EC0-301F-11D3-BF4B-00C04F79EFBC}") = "AddressBookusingCollections", "AddressBookusingCollections\AddressBookusingCollections.csproj", "{9B87A26D-79A3-409F-92CA-1CD26699ABF2}"
EndProject
Global
	GlobalSection(SolutionConfigurationPlatforms) = preSolution
		Debug|Any CPU = Debug|Any CPU
		Release|Any CPU = Release|Any CPU
	EndGlobalSection
	GlobalSection(ProjectConfigurationPlatforms) = postSolution
		{9B87A26D-79A3-409F-92CA-1CD26699ABF2}.Debug|Any CPU.ActiveCfg = Debug|Any CPU
		{9B87A26D-79A3-409F-92CA-1CD26699ABF2}.Debug|Any CPU.Build.0 = Debug|Any CPU
		{9B87A26D-79A3-409F-92CA-1CD26699ABF2}.Release|Any CPU.ActiveCfg = Release|Any CPU
		{9B87A26D-79A3-409F-92CA-1CD26699ABF2}.Release|Any CPU.Build.0 = Release|Any CPU
	EndGlobalSection
	GlobalSection(SolutionProperties) = preSolution
		HideSolutionNode = FALSE
	EndGlobalSection
	GlobalSection(ExtensibilityGlobals) = postSolution
		SolutionGuid = {4564985C-C0DA-410B-922F-E5A91BCCEE55}
	EndGlobalSection
EndGlobal
